speakeasyVersion: 1.666.0
sources:
    -OAS:
        sourceNamespace: open-router-chat-completions-api
        sourceRevisionDigest: sha256:01256c8494de6bfc13c36d82ae316a6a13d402194f844618bcd4d59e34f325f3
        sourceBlobDigest: sha256:4c80e48fd5e1cd030e68d664eb93984b4d5946867252ff1755a2bd2a05eccd4e
        tags:
            - latest
    OpenRouter API:
        sourceNamespace: open-router-chat-completions-api
        sourceRevisionDigest: sha256:081a51121f970e44311f1415c10c22b1838d1d1b6057280a3e6cba78acab1dca
        sourceBlobDigest: sha256:fc6bdfffd4edd78b043363b817794d80faaa927b5b4b7e8f149fda68084dac13
        tags:
            - latest
            - main
            - 1.0.0
targets:
    open-router:
        source: OpenRouter API
        sourceNamespace: open-router-chat-completions-api
        sourceRevisionDigest: sha256:081a51121f970e44311f1415c10c22b1838d1d1b6057280a3e6cba78acab1dca
        sourceBlobDigest: sha256:fc6bdfffd4edd78b043363b817794d80faaa927b5b4b7e8f149fda68084dac13
        codeSamplesNamespace: open-router-python-code-samples
        codeSamplesRevisionDigest: sha256:c48795939148c825d881d736e1b7a8d884b6b7e3f66114a5e11d4ed532b75baa
workflow:
    workflowVersion: 1.0.0
    speakeasyVersion: 1.666.0
    sources:
        OpenRouter API:
            inputs:
                - location: .speakeasy/in.openapi.yaml
            overlays:
                - location: .speakeasy/overlays/open-enums.overlay.yaml
                - location: .speakeasy/overlays/remove-rss-responses.overlay.yaml
                - location: .speakeasy/overlays/add-headers.overlay.yaml
            output: .speakeasy/out.openapi.yaml
            registry:
                location: registry.speakeasyapi.dev/openrouter/sdk/open-router-chat-completions-api
    targets:
        open-router:
            target: python
            source: OpenRouter API
            publish:
                pypi:
                    token: $pypi_token
            codeSamples:
                registry:
                    location: registry.speakeasyapi.dev/openrouter/sdk/open-router-python-code-samples
                labelOverride:
                    fixedValue: Python (SDK)
                blocking: false
