speakeasyVersion: 1.787.0
sources:
    OpenRouter API:
        sourceNamespace: open-router-chat-completions-api
        sourceRevisionDigest: sha256:ded46b4e1c04095fb0fb5a790cf72e633f103dc9b141c3bfd85f7f91281b49a7
        sourceBlobDigest: sha256:013ff5a1c96453351bc0a8fd32014e2ec7274e6980b8b4df3d6824b231836ea1
        tags:
            - latest
            - 1.0.0
targets:
    open-router:
        source: OpenRouter API
        sourceNamespace: open-router-chat-completions-api
        sourceRevisionDigest: sha256:ded46b4e1c04095fb0fb5a790cf72e633f103dc9b141c3bfd85f7f91281b49a7
        sourceBlobDigest: sha256:013ff5a1c96453351bc0a8fd32014e2ec7274e6980b8b4df3d6824b231836ea1
        codeSamplesNamespace: open-router-python-code-samples
        codeSamplesRevisionDigest: sha256:6ca7f203fab6d80273a09d908fce2daae4ae1fc13b770b2d965a4a77dcea066d
workflow:
    workflowVersion: 1.0.0
    speakeasyVersion: 1.787.0
    sources:
        OpenRouter API:
            inputs:
                - location: .speakeasy/in.openapi.yaml
            overlays:
                - location: .speakeasy/overlays/open-enums.overlay.yaml
                - location: .speakeasy/overlays/remove-rss-responses.overlay.yaml
                - location: .speakeasy/overlays/add-headers.overlay.yaml
                - location: .speakeasy/overlays/allof-simplify.overlay.yaml
                - location: .speakeasy/overlays/boolean-query-params.overlay.yaml
                - location: .speakeasy/overlays/fix-nullable-pagination.overlay.yaml
                - location: .speakeasy/overlays/deprecated-beta-responses-alias.overlay.yaml
            output: .speakeasy/out.openapi.yaml
            registry:
                location: registry.speakeasyapi.dev/openrouter/sdk/open-router-chat-completions-api
    targets:
        open-router:
            target: python
            source: OpenRouter API
            publish:
                pypi:
                    token: $pypi_token
            codeSamples:
                registry:
                    location: registry.speakeasyapi.dev/openrouter/sdk/open-router-python-code-samples
                labelOverride:
                    fixedValue: Python (SDK)
                blocking: false
