speakeasyVersion: 1.680.0
sources:
    OpenRouter API:
        sourceNamespace: open-router-chat-completions-api
        sourceRevisionDigest: sha256:f09d22021635268b6721c41e7f5817bbca9b855b1085496ef01b6e5aca113ab4
        sourceBlobDigest: sha256:9ab07c3aca4d73f89065abae9fb7c79cc092227f4a3c607e9cdaf6a4e0250364
        tags:
            - latest
            - speakeasy-sdk-regen-1776300046
            - 1.0.0
targets:
    open-router:
        source: OpenRouter API
        sourceNamespace: open-router-chat-completions-api
        sourceRevisionDigest: sha256:f09d22021635268b6721c41e7f5817bbca9b855b1085496ef01b6e5aca113ab4
        sourceBlobDigest: sha256:9ab07c3aca4d73f89065abae9fb7c79cc092227f4a3c607e9cdaf6a4e0250364
        codeSamplesNamespace: open-router-python-code-samples
        codeSamplesRevisionDigest: sha256:5861848419ae8bac43d8a1e56e563a2f5e533bf3f29da9b77500617ab09689d4
workflow:
    workflowVersion: 1.0.0
    speakeasyVersion: 1.680.0
    sources:
        OpenRouter API:
            inputs:
                - location: .speakeasy/in.openapi.yaml
            overlays:
                - location: .speakeasy/overlays/open-enums.overlay.yaml
                - location: .speakeasy/overlays/remove-rss-responses.overlay.yaml
                - location: .speakeasy/overlays/add-headers.overlay.yaml
                - location: .speakeasy/overlays/allof-simplify.overlay.yaml
                - location: .speakeasy/overlays/boolean-query-params.overlay.yaml
                - location: .speakeasy/overlays/fix-nullable-pagination.overlay.yaml
            output: .speakeasy/out.openapi.yaml
            registry:
                location: registry.speakeasyapi.dev/openrouter/sdk/open-router-chat-completions-api
    targets:
        open-router:
            target: python
            source: OpenRouter API
            publish:
                pypi:
                    token: $pypi_token
            codeSamples:
                registry:
                    location: registry.speakeasyapi.dev/openrouter/sdk/open-router-python-code-samples
                labelOverride:
                    fixedValue: Python (SDK)
                blocking: false
